
Microsoft Visual Studio Solution File, Format Version 12.00
# Visual Studio Version 17
VisualStudioVersion = 17.10.34928.147
MinimumVisualStudioVersion = 10.0.40219.1
Project("{9A19103F-16F7-4668-BE54-9A1E7A4F7556}") = "BobsComponent.Library", "BobsComponent.Library\BobsComponent.Library.csproj", "{BAAC6457-DED6-45A3-B3B3-B425C246A750}"
EndProject
Project("{9A19103F-16F7-4668-BE54-9A1E7A4F7556}") = "BobsComponent.Client", "BobsComponent.Client\BobsComponent.Client.csproj", "{BBE8AAC7-DB4D-41FA-A9BE-534E521022FB}"
EndProject
Project("{2150E333-8FDC-42A3-9474-1A3956D46DE8}") = "Solution Items", "Solution Items", "{EC16C625-4011-44FB-B1D9-FDE275B6B56B}"
	ProjectSection(SolutionItems) = preProject
		.editorconfig = .editorconfig
		Directory.Build.props = Directory.Build.props
	EndProjectSection
EndProject
Global
	GlobalSection(SolutionConfigurationPlatforms) = preSolution
		Debug|Any CPU = Debug|Any CPU
		Release|Any CPU = Release|Any CPU
	EndGlobalSection
	GlobalSection(ProjectConfigurationPlatforms) = postSolution
		{BAAC6457-DED6-45A3-B3B3-B425C246A750}.Debug|Any CPU.ActiveCfg = Debug|Any CPU
		{BAAC6457-DED6-45A3-B3B3-B425C246A750}.Debug|Any CPU.Build.0 = Debug|Any CPU
		{BAAC6457-DED6-45A3-B3B3-B425C246A750}.Release|Any CPU.ActiveCfg = Release|Any CPU
		{BAAC6457-DED6-45A3-B3B3-B425C246A750}.Release|Any CPU.Build.0 = Release|Any CPU
		{BBE8AAC7-DB4D-41FA-A9BE-534E521022FB}.Debug|Any CPU.ActiveCfg = Debug|Any CPU
		{BBE8AAC7-DB4D-41FA-A9BE-534E521022FB}.Debug|Any CPU.Build.0 = Debug|Any CPU
		{BBE8AAC7-DB4D-41FA-A9BE-534E521022FB}.Release|Any CPU.ActiveCfg = Release|Any CPU
		{BBE8AAC7-DB4D-41FA-A9BE-534E521022FB}.Release|Any CPU.Build.0 = Release|Any CPU
	EndGlobalSection
	GlobalSection(SolutionProperties) = preSolution
		HideSolutionNode = FALSE
	EndGlobalSection
	GlobalSection(ExtensibilityGlobals) = postSolution
		SolutionGuid = {3AE8BCCF-A57F-4BBF-BB65-18FF0E99598E}
	EndGlobalSection
EndGlobal
